
Microsoft Visual Studio Solution File, Format Version 12.00
# Visual Studio Version 18
VisualStudioVersion = 18.6.11806.211
MinimumVisualStudioVersion = 10.0.40219.1
Project("{FAE04EC0-301F-11D3-BF4B-00C04F79EFBC}") = "StudentManagementSystem", "StudentManagementSystem.csproj", "{E29899F5-31DF-4160-B49D-EAB6F1C3F53D}"
EndProject
Global
	GlobalSection(SolutionConfigurationPlatforms) = preSolution
		Debug|Any CPU = Debug|Any CPU
		Release|Any CPU = Release|Any CPU
	EndGlobalSection
	GlobalSection(ProjectConfigurationPlatforms) = postSolution
		{E29899F5-31DF-4160-B49D-EAB6F1C3F53D}.Debug|Any CPU.ActiveCfg = Debug|Any CPU
		{E29899F5-31DF-4160-B49D-EAB6F1C3F53D}.Debug|Any CPU.Build.0 = Debug|Any CPU
		{E29899F5-31DF-4160-B49D-EAB6F1C3F53D}.Release|Any CPU.ActiveCfg = Release|Any CPU
		{E29899F5-31DF-4160-B49D-EAB6F1C3F53D}.Release|Any CPU.Build.0 = Release|Any CPU
	EndGlobalSection
	GlobalSection(SolutionProperties) = preSolution
		HideSolutionNode = FALSE
	EndGlobalSection
EndGlobal
